
Microsoft Visual Studio Solution File, Format Version 12.00
# Visual Studio Version 17
VisualStudioVersion = 17.0.31903.59
MinimumVisualStudioVersion = 10.0.40219.1
Project("{2150E333-8FDC-42A3-9474-1A3956D46DE8}") = "src", "src", "{827E0CD3-B72D-47B6-A68D-7590B98EB39B}"
EndProject
Project("{FAE04EC0-301F-11D3-BF4B-00C04F79EFBC}") = "GymManager.Api", "src\GymManager.Api\GymManager.Api.csproj", "{4897249D-AEDB-4530-9B88-A8C7639CCA47}"
EndProject
Project("{FAE04EC0-301F-11D3-BF4B-00C04F79EFBC}") = "GymManager.Domain", "src\GymManager.Domain\GymManager.Domain.csproj", "{B6CFBBC7-383E-48BB-A802-CC1E06375DBC}"
EndProject
Project("{FAE04EC0-301F-11D3-BF4B-00C04F79EFBC}") = "GymManager.Persistence", "src\GymManager.Persistence\GymManager.Persistence.csproj", "{72834957-036C-488E-B70E-5780ABFC0776}"
EndProject
Project("{FAE04EC0-301F-11D3-BF4B-00C04F79EFBC}") = "GymManager.Infrastructure", "src\GymManager.Infrastructure\GymManager.Infrastructure.csproj", "{E6550C30-D115-4B6D-A6AD-FF0BB1CBA3AF}"
EndProject
Project("{2150E333-8FDC-42A3-9474-1A3956D46DE8}") = "tests", "tests", "{0AB3BF05-4346-4AA6-1389-037BE0695223}"
EndProject
Project("{FAE04EC0-301F-11D3-BF4B-00C04F79EFBC}") = "GymManager.UnitTests", "tests\GymManager.UnitTests\GymManager.UnitTests.csproj", "{77417DD6-058A-4070-B663-A2804931D591}"
EndProject
Project("{FAE04EC0-301F-11D3-BF4B-00C04F79EFBC}") = "GymManager.IntegrationTests", "tests\GymManager.IntegrationTests\GymManager.IntegrationTests.csproj", "{C16A9795-606F-46EB-80AA-D14CE39D1315}"
EndProject
Project("{FAE04EC0-301F-11D3-BF4B-00C04F79EFBC}") = "GymManager.Application", "src\GymManager.Application\GymManager.Application.csproj", "{FB19DB16-FFFA-445E-8B2E-52D6E5360AD3}"
EndProject
Global
	GlobalSection(SolutionConfigurationPlatforms) = preSolution
		Debug|Any CPU = Debug|Any CPU
		Debug|x64 = Debug|x64
		Debug|x86 = Debug|x86
		Release|Any CPU = Release|Any CPU
		Release|x64 = Release|x64
		Release|x86 = Release|x86
	EndGlobalSection
	GlobalSection(ProjectConfigurationPlatforms) = postSolution
		{4897249D-AEDB-4530-9B88-A8C7639CCA47}.Debug|Any CPU.ActiveCfg = Debug|Any CPU
		{4897249D-AEDB-4530-9B88-A8C7639CCA47}.Debug|Any CPU.Build.0 = Debug|Any CPU
		{4897249D-AEDB-4530-9B88-A8C7639CCA47}.Debug|x64.ActiveCfg = Debug|Any CPU
		{4897249D-AEDB-4530-9B88-A8C7639CCA47}.Debug|x64.Build.0 = Debug|Any CPU
		{4897249D-AEDB-4530-9B88-A8C7639CCA47}.Debug|x86.ActiveCfg = Debug|Any CPU
		{4897249D-AEDB-4530-9B88-A8C7639CCA47}.Debug|x86.Build.0 = Debug|Any CPU
		{4897249D-AEDB-4530-9B88-A8C7639CCA47}.Release|Any CPU.ActiveCfg = Release|Any CPU
		{4897249D-AEDB-4530-9B88-A8C7639CCA47}.Release|Any CPU.Build.0 = Release|Any CPU
		{4897249D-AEDB-4530-9B88-A8C7639CCA47}.Release|x64.ActiveCfg = Release|Any CPU
		{4897249D-AEDB-4530-9B88-A8C7639CCA47}.Release|x64.Build.0 = Release|Any CPU
		{4897249D-AEDB-4530-9B88-A8C7639CCA47}.Release|x86.ActiveCfg = Release|Any CPU
		{4897249D-AEDB-4530-9B88-A8C7639CCA47}.Release|x86.Build.0 = Release|Any CPU
		{B6CFBBC7-383E-48BB-A802-CC1E06375DBC}.Debug|Any CPU.ActiveCfg = Debug|Any CPU
		{B6CFBBC7-383E-48BB-A802-CC1E06375DBC}.Debug|Any CPU.Build.0 = Debug|Any CPU
		{B6CFBBC7-383E-48BB-A802-CC1E06375DBC}.Debug|x64.ActiveCfg = Debug|Any CPU
		{B6CFBBC7-383E-48BB-A802-CC1E06375DBC}.Debug|x64.Build.0 = Debug|Any CPU
		{B6CFBBC7-383E-48BB-A802-CC1E06375DBC}.Debug|x86.ActiveCfg = Debug|Any CPU
		{B6CFBBC7-383E-48BB-A802-CC1E06375DBC}.Debug|x86.Build.0 = Debug|Any CPU
		{B6CFBBC7-383E-48BB-A802-CC1E06375DBC}.Release|Any CPU.ActiveCfg = Release|Any CPU
		{B6CFBBC7-383E-48BB-A802-CC1E06375DBC}.Release|Any CPU.Build.0 = Release|Any CPU
		{B6CFBBC7-383E-48BB-A802-CC1E06375DBC}.Release|x64.ActiveCfg = Release|Any CPU
		{B6CFBBC7-383E-48BB-A802-CC1E06375DBC}.Release|x64.Build.0 = Release|Any CPU
		{B6CFBBC7-383E-48BB-A802-CC1E06375DBC}.Release|x86.ActiveCfg = Release|Any CPU
		{B6CFBBC7-383E-48BB-A802-CC1E06375DBC}.Release|x86.Build.0 = Release|Any CPU
		{72834957-036C-488E-B70E-5780ABFC0776}.Debug|Any CPU.ActiveCfg = Debug|Any CPU
		{72834957-036C-488E-B70E-5780ABFC0776}.Debug|Any CPU.Build.0 = Debug|Any CPU
		{72834957-036C-488E-B70E-5780ABFC0776}.Debug|x64.ActiveCfg = Debug|Any CPU
		{72834957-036C-488E-B70E-5780ABFC0776}.Debug|x64.Build.0 = Debug|Any CPU
		{72834957-036C-488E-B70E-5780ABFC0776}.Debug|x86.ActiveCfg = Debug|Any CPU
		{72834957-036C-488E-B70E-5780ABFC0776}.Debug|x86.Build.0 = Debug|Any CPU
		{72834957-036C-488E-B70E-5780ABFC0776}.Release|Any CPU.ActiveCfg = Release|Any CPU
		{72834957-036C-488E-B70E-5780ABFC0776}.Release|Any CPU.Build.0 = Release|Any CPU
		{72834957-036C-488E-B70E-5780ABFC0776}.Release|x64.ActiveCfg = Release|Any CPU
		{72834957-036C-488E-B70E-5780ABFC0776}.Release|x64.Build.0 = Release|Any CPU
		{72834957-036C-488E-B70E-5780ABFC0776}.Release|x86.ActiveCfg = Release|Any CPU
		{72834957-036C-488E-B70E-5780ABFC0776}.Release|x86.Build.0 = Release|Any CPU
		{E6550C30-D115-4B6D-A6AD-FF0BB1CBA3AF}.Debug|Any CPU.ActiveCfg = Debug|Any CPU
		{E6550C30-D115-4B6D-A6AD-FF0BB1CBA3AF}.Debug|Any CPU.Build.0 = Debug|Any CPU
		{E6550C30-D115-4B6D-A6AD-FF0BB1CBA3AF}.Debug|x64.ActiveCfg = Debug|Any CPU
		{E6550C30-D115-4B6D-A6AD-FF0BB1CBA3AF}.Debug|x64.Build.0 = Debug|Any CPU
		{E6550C30-D115-4B6D-A6AD-FF0BB1CBA3AF}.Debug|x86.ActiveCfg = Debug|Any CPU
		{E6550C30-D115-4B6D-A6AD-FF0BB1CBA3AF}.Debug|x86.Build.0 = Debug|Any CPU
		{E6550C30-D115-4B6D-A6AD-FF0BB1CBA3AF}.Release|Any CPU.ActiveCfg = Release|Any CPU
		{E6550C30-D115-4B6D-A6AD-FF0BB1CBA3AF}.Release|Any CPU.Build.0 = Release|Any CPU
		{E6550C30-D115-4B6D-A6AD-FF0BB1CBA3AF}.Release|x64.ActiveCfg = Release|Any CPU
		{E6550C30-D115-4B6D-A6AD-FF0BB1CBA3AF}.Release|x64.Build.0 = Release|Any CPU
		{E6550C30-D115-4B6D-A6AD-FF0BB1CBA3AF}.Release|x86.ActiveCfg = Release|Any CPU
		{E6550C30-D115-4B6D-A6AD-FF0BB1CBA3AF}.Release|x86.Build.0 = Release|Any CPU
		{77417DD6-058A-4070-B663-A2804931D591}.Debug|Any CPU.ActiveCfg = Debug|Any CPU
		{77417DD6-058A-4070-B663-A2804931D591}.Debug|Any CPU.Build.0 = Debug|Any CPU
		{77417DD6-058A-4070-B663-A2804931D591}.Debug|x64.ActiveCfg = Debug|Any CPU
		{77417DD6-058A-4070-B663-A2804931D591}.Debug|x64.Build.0 = Debug|Any CPU
		{77417DD6-058A-4070-B663-A2804931D591}.Debug|x86.ActiveCfg = Debug|Any CPU
		{77417DD6-058A-4070-B663-A2804931D591}.Debug|x86.Build.0 = Debug|Any CPU
		{77417DD6-058A-4070-B663-A2804931D591}.Release|Any CPU.ActiveCfg = Release|Any CPU
		{77417DD6-058A-4070-B663-A2804931D591}.Release|Any CPU.Build.0 = Release|Any CPU
		{77417DD6-058A-4070-B663-A2804931D591}.Release|x64.ActiveCfg = Release|Any CPU
		{77417DD6-058A-4070-B663-A2804931D591}.Release|x64.Build.0 = Release|Any CPU
		{77417DD6-058A-4070-B663-A2804931D591}.Release|x86.ActiveCfg = Release|Any CPU
		{77417DD6-058A-4070-B663-A2804931D591}.Release|x86.Build.0 = Release|Any CPU
		{C16A9795-606F-46EB-80AA-D14CE39D1315}.Debug|Any CPU.ActiveCfg = Debug|Any CPU
		{C16A9795-606F-46EB-80AA-D14CE39D1315}.Debug|Any CPU.Build.0 = Debug|Any CPU
		{C16A9795-606F-46EB-80AA-D14CE39D1315}.Debug|x64.ActiveCfg = Debug|Any CPU
		{C16A9795-606F-46EB-80AA-D14CE39D1315}.Debug|x64.Build.0 = Debug|Any CPU
		{C16A9795-606F-46EB-80AA-D14CE39D1315}.Debug|x86.ActiveCfg = Debug|Any CPU
		{C16A9795-606F-46EB-80AA-D14CE39D1315}.Debug|x86.Build.0 = Debug|Any CPU
		{C16A9795-606F-46EB-80AA-D14CE39D1315}.Release|Any CPU.ActiveCfg = Release|Any CPU
		{C16A9795-606F-46EB-80AA-D14CE39D1315}.Release|Any CPU.Build.0 = Release|Any CPU
		{C16A9795-606F-46EB-80AA-D14CE39D1315}.Release|x64.ActiveCfg = Release|Any CPU
		{C16A9795-606F-46EB-80AA-D14CE39D1315}.Release|x64.Build.0 = Release|Any CPU
		{C16A9795-606F-46EB-80AA-D14CE39D1315}.Release|x86.ActiveCfg = Release|Any CPU
		{C16A9795-606F-46EB-80AA-D14CE39D1315}.Release|x86.Build.0 = Release|Any CPU
		{FB19DB16-FFFA-445E-8B2E-52D6E5360AD3}.Debug|Any CPU.ActiveCfg = Debug|Any CPU
		{FB19DB16-FFFA-445E-8B2E-52D6E5360AD3}.Debug|Any CPU.Build.0 = Debug|Any CPU
		{FB19DB16-FFFA-445E-8B2E-52D6E5360AD3}.Debug|x64.ActiveCfg = Debug|Any CPU
		{FB19DB16-FFFA-445E-8B2E-52D6E5360AD3}.Debug|x64.Build.0 = Debug|Any CPU
		{FB19DB16-FFFA-445E-8B2E-52D6E5360AD3}.Debug|x86.ActiveCfg = Debug|Any CPU
		{FB19DB16-FFFA-445E-8B2E-52D6E5360AD3}.Debug|x86.Build.0 = Debug|Any CPU
		{FB19DB16-FFFA-445E-8B2E-52D6E5360AD3}.Release|Any CPU.ActiveCfg = Release|Any CPU
		{FB19DB16-FFFA-445E-8B2E-52D6E5360AD3}.Release|Any CPU.Build.0 = Release|Any CPU
		{FB19DB16-FFFA-445E-8B2E-52D6E5360AD3}.Release|x64.ActiveCfg = Release|Any CPU
		{FB19DB16-FFFA-445E-8B2E-52D6E5360AD3}.Release|x64.Build.0 = Release|Any CPU
		{FB19DB16-FFFA-445E-8B2E-52D6E5360AD3}.Release|x86.ActiveCfg = Release|Any CPU
		{FB19DB16-FFFA-445E-8B2E-52D6E5360AD3}.Release|x86.Build.0 = Release|Any CPU
	EndGlobalSection
	GlobalSection(SolutionProperties) = preSolution
		HideSolutionNode = FALSE
	EndGlobalSection
	GlobalSection(NestedProjects) = preSolution
		{4897249D-AEDB-4530-9B88-A8C7639CCA47} = {827E0CD3-B72D-47B6-A68D-7590B98EB39B}
		{B6CFBBC7-383E-48BB-A802-CC1E06375DBC} = {827E0CD3-B72D-47B6-A68D-7590B98EB39B}
		{72834957-036C-488E-B70E-5780ABFC0776} = {827E0CD3-B72D-47B6-A68D-7590B98EB39B}
		{E6550C30-D115-4B6D-A6AD-FF0BB1CBA3AF} = {827E0CD3-B72D-47B6-A68D-7590B98EB39B}
		{77417DD6-058A-4070-B663-A2804931D591} = {0AB3BF05-4346-4AA6-1389-037BE0695223}
		{C16A9795-606F-46EB-80AA-D14CE39D1315} = {0AB3BF05-4346-4AA6-1389-037BE0695223}
		{FB19DB16-FFFA-445E-8B2E-52D6E5360AD3} = {827E0CD3-B72D-47B6-A68D-7590B98EB39B}
	EndGlobalSection
EndGlobal
